
Microsoft Visual Studio Solution File, Format Version 11.00
# Visual Studio 2010
Project("{2150E333-8FDC-42A3-9474-1A3956D46DE8}") = "Solution Items", "Solution Items", "{2CC1A5D2-EBA8-408E-BC98-1E68AAE3A99B}"
	ProjectSection(SolutionItems) = preProject
		Local.testsettings = Local.testsettings
		TraceAndTestImpact.testsettings = TraceAndTestImpact.testsettings
	EndProjectSection
EndProject
Project("{FAE04EC0-301F-11D3-BF4B-00C04F79EFBC}") = "Informedica.DataAccess", "Informedica.DataAccess\Informedica.DataAccess.csproj", "{A7844906-1F6F-4AD9-BA9A-D70E501CDC98}"
EndProject
Project("{FAE04EC0-301F-11D3-BF4B-00C04F79EFBC}") = "Informedica.DataAccess.Tests", "Informedica.DataAccess.Tests\Informedica.DataAccess.Tests.csproj", "{18994E51-D6DF-41B8-BF5E-70DDC1F24173}"
EndProject
Project("{FAE04EC0-301F-11D3-BF4B-00C04F79EFBC}") = "Informedica.EntityRepository", "..\EntityRepository\Informedica.EntityRepository\Informedica.EntityRepository.csproj", "{E3780309-03FF-43DC-A134-828269F2008C}"
EndProject
Global
	GlobalSection(TestCaseManagementSettings) = postSolution
		CategoryFile = Informedica.NHibernateRepository.vsmdi
	EndGlobalSection
	GlobalSection(SolutionConfigurationPlatforms) = preSolution
		Debug|Any CPU = Debug|Any CPU
		Release|Any CPU = Release|Any CPU
	EndGlobalSection
	GlobalSection(ProjectConfigurationPlatforms) = postSolution
		{A7844906-1F6F-4AD9-BA9A-D70E501CDC98}.Debug|Any CPU.ActiveCfg = Debug|Any CPU
		{A7844906-1F6F-4AD9-BA9A-D70E501CDC98}.Debug|Any CPU.Build.0 = Debug|Any CPU
		{A7844906-1F6F-4AD9-BA9A-D70E501CDC98}.Release|Any CPU.ActiveCfg = Release|Any CPU
		{A7844906-1F6F-4AD9-BA9A-D70E501CDC98}.Release|Any CPU.Build.0 = Release|Any CPU
		{18994E51-D6DF-41B8-BF5E-70DDC1F24173}.Debug|Any CPU.ActiveCfg = Debug|Any CPU
		{18994E51-D6DF-41B8-BF5E-70DDC1F24173}.Debug|Any CPU.Build.0 = Debug|Any CPU
		{18994E51-D6DF-41B8-BF5E-70DDC1F24173}.Release|Any CPU.ActiveCfg = Release|Any CPU
		{18994E51-D6DF-41B8-BF5E-70DDC1F24173}.Release|Any CPU.Build.0 = Release|Any CPU
		{E3780309-03FF-43DC-A134-828269F2008C}.Debug|Any CPU.ActiveCfg = Debug|Any CPU
		{E3780309-03FF-43DC-A134-828269F2008C}.Debug|Any CPU.Build.0 = Debug|Any CPU
		{E3780309-03FF-43DC-A134-828269F2008C}.Release|Any CPU.ActiveCfg = Release|Any CPU
		{E3780309-03FF-43DC-A134-828269F2008C}.Release|Any CPU.Build.0 = Release|Any CPU
	EndGlobalSection
	GlobalSection(SolutionProperties) = preSolution
		HideSolutionNode = FALSE
	EndGlobalSection
EndGlobal
